// !$*UTF8*$!
{
	archiveVersion = 1;
	classes = {
	};
	objectVersion = 56;
	objects = {

/* Begin PBXFileReference section */
		8C905AB12BC39DAC003AA5E2 /* Boolean.swift */ = {isa = PBXFileReference; lastKnownFileType = sourcecode.swift; path = Boolean.swift; sourceTree = "<group>"; };
		8C905AB22BC39E69003AA5E2 /* loop.swift */ = {isa = PBXFileReference; lastKnownFileType = sourcecode.swift; path = loop.swift; sourceTree = "<group>"; };
		8C905AB32BC39E7F003AA5E2 /* Array.swift */ = {isa = PBXFileReference; lastKnownFileType = sourcecode.swift; path = Array.swift; sourceTree = "<group>"; };
		8C905AB72BC39F9C003AA5E2 /* functions.swift */ = {isa = PBXFileReference; lastKnownFileType = sourcecode.swift; path = functions.swift; sourceTree = "<group>"; };
		8C905AB82BC39FAA003AA5E2 /* dictionaries.swift */ = {isa = PBXFileReference; lastKnownFileType = sourcecode.swift; path = dictionaries.swift; sourceTree = "<group>"; };
		8C905ABA2BC3A055003AA5E2 /* mvc-ifyme-capn */ = {isa = PBXFileReference; lastKnownFileType = folder; name = "mvc-ifyme-capn"; path = "../../../../../../../Downloads/mvc-ifyme-capn"; sourceTree = "<group>"; };
/* End PBXFileReference section */

/* Begin PBXGroup section */
		8C905AB42BC39F68003AA5E2 /* week2 */ = {
			isa = PBXGroup;
			children = (
				8C905AB32BC39E7F003AA5E2 /* Array.swift */,
				8C905AB22BC39E69003AA5E2 /* loop.swift */,
				8C905AB12BC39DAC003AA5E2 /* Boolean.swift */,
			);
			path = week2;
			sourceTree = "<group>";
		};
		8C905AB52BC39F74003AA5E2 /* week3 */ = {
			isa = PBXGroup;
			children = (
				8C905AB72BC39F9C003AA5E2 /* functions.swift */,
				8C905AB82BC39FAA003AA5E2 /* dictionaries.swift */,
			);
			path = week3;
			sourceTree = "<group>";
		};
		8C905AB92BC3A03F003AA5E2 /* week4 */ = {
			isa = PBXGroup;
			children = (
				8C905ABA2BC3A055003AA5E2 /* mvc-ifyme-capn */,
			);
			path = week4;
			sourceTree = "<group>";
		};
		8CB22ECD2BA6D23C0020324E = {
			isa = PBXGroup;
			children = (
				8C905AB92BC3A03F003AA5E2 /* week4 */,
				8C905AB52BC39F74003AA5E2 /* week3 */,
				8C905AB42BC39F68003AA5E2 /* week2 */,
			);
			sourceTree = "<group>";
		};
/* End PBXGroup section */

/* Begin PBXProject section */
		8CB22ECE2BA6D23C0020324E /* Project object */ = {
			isa = PBXProject;
			attributes = {
				BuildIndependentTargetsInParallel = 1;
				LastUpgradeCheck = 1530;
			};
			buildConfigurationList = 8CB22ED12BA6D23C0020324E /* Build configuration list for PBXProject "paran_practice" */;
			compatibilityVersion = "Xcode 14.0";
			developmentRegion = en;
			hasScannedForEncodings = 0;
			knownRegions = (
				en,
				Base,
			);
			mainGroup = 8CB22ECD2BA6D23C0020324E;
			projectDirPath = "";
			projectRoot = "";
			targets = (
			);
		};
/* End PBXProject section */

/* Begin XCBuildConfiguration section */
		8CB22ED22BA6D23C0020324E /* Debug */ = {
			isa = XCBuildConfiguration;
			buildSettings = {
			};
			name = Debug;
		};
		8CB22ED32BA6D23C0020324E /* Release */ = {
			isa = XCBuildConfiguration;
			buildSettings = {
			};
			name = Release;
		};
/* End XCBuildConfiguration section */

/* Begin XCConfigurationList section */
		8CB22ED12BA6D23C0020324E /* Build configuration list for PBXProject "paran_practice" */ = {
			isa = XCConfigurationList;
			buildConfigurations = (
				8CB22ED22BA6D23C0020324E /* Debug */,
				8CB22ED32BA6D23C0020324E /* Release */,
			);
			defaultConfigurationIsVisible = 0;
			defaultConfigurationName = Release;
		};
/* End XCConfigurationList section */
	};
	rootObject = 8CB22ECE2BA6D23C0020324E /* Project object */;
}
